
Microsoft Visual Studio Solution File, Format Version 12.00
# Visual Studio Version 16
VisualStudioVersion = 16.0.29025.244
MinimumVisualStudioVersion = 10.0.40219.1
Project("{9A19103F-16F7-4668-BE54-9A1E7A4F7556}") = "IFSClient", "IFSClient\IFSClient.csproj", "{D735350B-75E1-40EB-B415-CC1DB46B2A35}"
EndProject
Project("{9A19103F-16F7-4668-BE54-9A1E7A4F7556}") = "IFSServ", "ISFSrv\IFSServ.csproj", "{8334B2F4-1C00-48B4-8DD7-9F48650A633E}"
EndProject
Project("{9A19103F-16F7-4668-BE54-9A1E7A4F7556}") = "Unit.Serv", "Unit.serv\Unit.Serv.csproj", "{16429EBD-0A50-4C2A-83C6-99432326D7AC}"
EndProject
Global
	GlobalSection(SolutionConfigurationPlatforms) = preSolution
		Debug|Any CPU = Debug|Any CPU
		Release|Any CPU = Release|Any CPU
	EndGlobalSection
	GlobalSection(ProjectConfigurationPlatforms) = postSolution
		{D735350B-75E1-40EB-B415-CC1DB46B2A35}.Debug|Any CPU.ActiveCfg = Debug|Any CPU
		{D735350B-75E1-40EB-B415-CC1DB46B2A35}.Debug|Any CPU.Build.0 = Debug|Any CPU
		{D735350B-75E1-40EB-B415-CC1DB46B2A35}.Release|Any CPU.ActiveCfg = Release|Any CPU
		{D735350B-75E1-40EB-B415-CC1DB46B2A35}.Release|Any CPU.Build.0 = Release|Any CPU
		{8334B2F4-1C00-48B4-8DD7-9F48650A633E}.Debug|Any CPU.ActiveCfg = Debug|Any CPU
		{8334B2F4-1C00-48B4-8DD7-9F48650A633E}.Debug|Any CPU.Build.0 = Debug|Any CPU
		{8334B2F4-1C00-48B4-8DD7-9F48650A633E}.Release|Any CPU.ActiveCfg = Release|Any CPU
		{8334B2F4-1C00-48B4-8DD7-9F48650A633E}.Release|Any CPU.Build.0 = Release|Any CPU
		{16429EBD-0A50-4C2A-83C6-99432326D7AC}.Debug|Any CPU.ActiveCfg = Debug|Any CPU
		{16429EBD-0A50-4C2A-83C6-99432326D7AC}.Debug|Any CPU.Build.0 = Debug|Any CPU
		{16429EBD-0A50-4C2A-83C6-99432326D7AC}.Release|Any CPU.ActiveCfg = Release|Any CPU
		{16429EBD-0A50-4C2A-83C6-99432326D7AC}.Release|Any CPU.Build.0 = Release|Any CPU
	EndGlobalSection
	GlobalSection(SolutionProperties) = preSolution
		HideSolutionNode = FALSE
	EndGlobalSection
	GlobalSection(ExtensibilityGlobals) = postSolution
		SolutionGuid = {1A4EA57C-7CDA-4D16-BF78-6E9BD7BEB459}
	EndGlobalSection
EndGlobal
